
Microsoft Visual Studio Solution File, Format Version 12.00
# Visual Studio Version 16
VisualStudioVersion = 16.0.30621.155
MinimumVisualStudioVersion = 10.0.40219.1
Project("{FAE04EC0-301F-11D3-BF4B-00C04F79EFBC}") = "Bank", "Bank\Bank.csproj", "{BB501FA2-03E7-4361-AF21-03615D8A4E0D}"
EndProject
Project("{FAE04EC0-301F-11D3-BF4B-00C04F79EFBC}") = "BankTests", "BankTests\BankTests.csproj", "{A34A8CF0-03E0-470F-83A6-E533D4F329E4}"
EndProject
Global
	GlobalSection(SolutionConfigurationPlatforms) = preSolution
		Debug|Any CPU = Debug|Any CPU
		Release|Any CPU = Release|Any CPU
	EndGlobalSection
	GlobalSection(ProjectConfigurationPlatforms) = postSolution
		{BB501FA2-03E7-4361-AF21-03615D8A4E0D}.Debug|Any CPU.ActiveCfg = Debug|Any CPU
		{BB501FA2-03E7-4361-AF21-03615D8A4E0D}.Debug|Any CPU.Build.0 = Debug|Any CPU
		{BB501FA2-03E7-4361-AF21-03615D8A4E0D}.Release|Any CPU.ActiveCfg = Release|Any CPU
		{BB501FA2-03E7-4361-AF21-03615D8A4E0D}.Release|Any CPU.Build.0 = Release|Any CPU
		{A34A8CF0-03E0-470F-83A6-E533D4F329E4}.Debug|Any CPU.ActiveCfg = Debug|Any CPU
		{A34A8CF0-03E0-470F-83A6-E533D4F329E4}.Debug|Any CPU.Build.0 = Debug|Any CPU
		{A34A8CF0-03E0-470F-83A6-E533D4F329E4}.Release|Any CPU.ActiveCfg = Release|Any CPU
		{A34A8CF0-03E0-470F-83A6-E533D4F329E4}.Release|Any CPU.Build.0 = Release|Any CPU
	EndGlobalSection
	GlobalSection(SolutionProperties) = preSolution
		HideSolutionNode = FALSE
	EndGlobalSection
	GlobalSection(ExtensibilityGlobals) = postSolution
		SolutionGuid = {01EE41DE-57DC-40A3-AC5B-338DB2C57EAC}
	EndGlobalSection
EndGlobal
